<?xml version="1.0" encoding="utf-8"?>
<Project ToolsVersion="4.0" xmlns="http://schemas.microsoft.com/developer/msbuild/2003">
  <ItemGroup>
    <Filter Include="pch">
      <UniqueIdentifier>{7ac3d0cf-66ec-4af4-8432-849a209b23a0}</UniqueIdentifier>
    </Filter>
    <Filter Include="Main">
      <UniqueIdentifier>{4FC737F1-C7A5-4376-A066-2A32D752A2FF}</UniqueIdentifier>
      <Extensions>cpp;c;cc;cxx;c++;cppm;ixx;def;odl;idl;hpj;bat;asm;asmx</Extensions>
    </Filter>
    <Filter Include="Main\Session">
      <UniqueIdentifier>{6e6b74b0-0992-4a27-bdf7-0adebebb6574}</UniqueIdentifier>
    </Filter>
    <Filter Include="Main\Protocol">
      <UniqueIdentifier>{82a78558-0b4d-453a-8ebe-784eb9708025}</UniqueIdentifier>
    </Filter>
  </ItemGroup>
  <ItemGroup>
    <ClCompile Include="Server.cpp">
      <Filter>Main</Filter>
    </ClCompile>
    <ClCompile Include="pch.cpp">
      <Filter>pch</Filter>
    </ClCompile>
    <ClCompile Include="ClientSession.cpp">
      <Filter>Main\Session</Filter>
    </ClCompile>
    <ClCompile Include="SessionManager.cpp">
      <Filter>Main\Session</Filter>
    </ClCompile>
    <ClCompile Include="Protocol.pb.cc">
      <Filter>Main\Protocol</Filter>
    </ClCompile>
    <ClCompile Include="ClientPacketHandler.cpp">
      <Filter>Main</Filter>
    </ClCompile>
  </ItemGroup>
  <ItemGroup>
    <ClInclude Include="pch.h">
      <Filter>pch</Filter>
    </ClInclude>
    <ClInclude Include="ClientSession.h">
      <Filter>Main\Session</Filter>
    </ClInclude>
    <ClInclude Include="SessionManager.h">
      <Filter>Main\Session</Filter>
    </ClInclude>
    <ClInclude Include="Protocol.pb.h">
      <Filter>Main\Protocol</Filter>
    </ClInclude>
    <ClInclude Include="ClientPacketHandler.h">
      <Filter>Main</Filter>
    </ClInclude>
  </ItemGroup>
  <ItemGroup>
    <None Include="..\protoc\bin\PacketGenerator.bat">
      <Filter>Main\Protocol</Filter>
    </None>
    <None Include="..\protoc\bin\Protocol.proto">
      <Filter>Main\Protocol</Filter>
    </None>
  </ItemGroup>
</Project>